// !$*UTF8*$!
{
	archiveVersion = 1;
	classes = {
	};
	objectVersion = 46;
	objects = {

/* Begin PBXBuildFile section */
		AA747D9F0F9514B9006C5449 /* GitHubLib_Prefix.pch in Headers */ = {isa = PBXBuildFile; fileRef = AA747D9E0F9514B9006C5449 /* GitHubLib_Prefix.pch */; };
		AACBBE4A0F95108600F1A2B1 /* Foundation.framework in Frameworks */ = {isa = PBXBuildFile; fileRef = AACBBE490F95108600F1A2B1 /* Foundation.framework */; };
		F704E3F8126E5E3C00587F90 /* libGitHubLib.a in Frameworks */ = {isa = PBXBuildFile; fileRef = D2AAC07E0554694100DB518D /* libGitHubLib.a */; };
		F707BDB31285A8100050239D /* GitHubUserPoster.h in Headers */ = {isa = PBXBuildFile; fileRef = F707BDB11285A8100050239D /* GitHubUserPoster.h */; };
		F707BDB41285A8100050239D /* GitHubUserPoster.m in Sources */ = {isa = PBXBuildFile; fileRef = F707BDB21285A8100050239D /* GitHubUserPoster.m */; };
		F707BDB71285A9380050239D /* GitHubRepositoryPoster.h in Headers */ = {isa = PBXBuildFile; fileRef = F707BDB51285A9380050239D /* GitHubRepositoryPoster.h */; };
		F707BDB81285A9380050239D /* GitHubRepositoryPoster.m in Sources */ = {isa = PBXBuildFile; fileRef = F707BDB61285A9380050239D /* GitHubRepositoryPoster.m */; };
		F71F3905127B832300C96889 /* GitHubUserServiceFactory.h in Headers */ = {isa = PBXBuildFile; fileRef = F7962476126E02620075205F /* GitHubUserServiceFactory.h */; };
		F71F3906127B832300C96889 /* GitHubCommitServiceFactory.h in Headers */ = {isa = PBXBuildFile; fileRef = F796246F126E02620075205F /* GitHubCommitServiceFactory.h */; };
		F71F3907127B832300C96889 /* GitHubRepositoryServiceFactory.h in Headers */ = {isa = PBXBuildFile; fileRef = F7962472126E02620075205F /* GitHubRepositoryServiceFactory.h */; };
		F71F3908127B832300C96889 /* GitHubObjectServiceFactory.h in Headers */ = {isa = PBXBuildFile; fileRef = F7700C07127AE82D000D3D77 /* GitHubObjectServiceFactory.h */; };
		F71F3909127B832300C96889 /* GitHubIssueServiceFactory.h in Headers */ = {isa = PBXBuildFile; fileRef = F71F38E2127B7A2200C96889 /* GitHubIssueServiceFactory.h */; };
		F71F390A127B832300C96889 /* GitHubService.h in Headers */ = {isa = PBXBuildFile; fileRef = F7962473126E02620075205F /* GitHubService.h */; };
		F71F390B127B832300C96889 /* GitHubServiceDelegate.h in Headers */ = {isa = PBXBuildFile; fileRef = F79624A3126E03220075205F /* GitHubServiceDelegate.h */; };
		F71F390C127B832300C96889 /* GitHubServiceGotCommitDelegate.h in Headers */ = {isa = PBXBuildFile; fileRef = F7962549126E11550075205F /* GitHubServiceGotCommitDelegate.h */; };
		F71F390D127B832300C96889 /* GitHubServiceGotRepositoryDelegate.h in Headers */ = {isa = PBXBuildFile; fileRef = F79625CC126E16DF0075205F /* GitHubServiceGotRepositoryDelegate.h */; };
		F71F390E127B832300C96889 /* GitHubServiceGotTagDelegate.h in Headers */ = {isa = PBXBuildFile; fileRef = F79626D5126E25350075205F /* GitHubServiceGotTagDelegate.h */; };
		F71F390F127B832300C96889 /* GitHubServiceGotBranchDelegate.h in Headers */ = {isa = PBXBuildFile; fileRef = F79626C3126E243E0075205F /* GitHubServiceGotBranchDelegate.h */; };
		F71F3910127B832300C96889 /* GitHubServiceGotNameDelegate.h in Headers */ = {isa = PBXBuildFile; fileRef = F79626DA126E259C0075205F /* GitHubServiceGotNameDelegate.h */; };
		F71F3911127B832300C96889 /* GitHubServiceGotContributorDelegate.h in Headers */ = {isa = PBXBuildFile; fileRef = F79626DC126E25E70075205F /* GitHubServiceGotContributorDelegate.h */; };
		F71F3912127B832300C96889 /* GitHubServiceGotUserDelegate.h in Headers */ = {isa = PBXBuildFile; fileRef = F79624E0126E08980075205F /* GitHubServiceGotUserDelegate.h */; };
		F71F3913127B832300C96889 /* GitHubServiceGotBlobDelegate.h in Headers */ = {isa = PBXBuildFile; fileRef = F7700C0A127AE84C000D3D77 /* GitHubServiceGotBlobDelegate.h */; };
		F71F3914127B832300C96889 /* GitHubServiceGotTreeItemDelegate.h in Headers */ = {isa = PBXBuildFile; fileRef = F7700C0B127AE858000D3D77 /* GitHubServiceGotTreeItemDelegate.h */; };
		F71F3915127B832300C96889 /* GitHubServiceGotDataDelegate.h in Headers */ = {isa = PBXBuildFile; fileRef = F7700C10127AEAD7000D3D77 /* GitHubServiceGotDataDelegate.h */; };
		F71F3916127B832300C96889 /* GitHubServiceGotIssueDelegate.h in Headers */ = {isa = PBXBuildFile; fileRef = F71F38FA127B830A00C96889 /* GitHubServiceGotIssueDelegate.h */; };
		F71F3917127B832300C96889 /* GitHubServiceGotCommentDelegate.h in Headers */ = {isa = PBXBuildFile; fileRef = F71F38F9127B82FC00C96889 /* GitHubServiceGotCommentDelegate.h */; };
		F71F3918127B832300C96889 /* GitHubCommit.h in Headers */ = {isa = PBXBuildFile; fileRef = F796246E126E02620075205F /* GitHubCommit.h */; };
		F71F3919127B832300C96889 /* GitHubContributor.h in Headers */ = {isa = PBXBuildFile; fileRef = F7962470126E02620075205F /* GitHubContributor.h */; };
		F71F391A127B832300C96889 /* GitHubRepository.h in Headers */ = {isa = PBXBuildFile; fileRef = F7962471126E02620075205F /* GitHubRepository.h */; };
		F71F391B127B832300C96889 /* GitHubRef.h in Headers */ = {isa = PBXBuildFile; fileRef = F70B0461127597D500F671B9 /* GitHubRef.h */; };
		F71F391C127B832300C96889 /* GitHubTag.h in Headers */ = {isa = PBXBuildFile; fileRef = F7962474126E02620075205F /* GitHubTag.h */; };
		F71F391D127B832300C96889 /* GitHubBranch.h in Headers */ = {isa = PBXBuildFile; fileRef = F796246D126E02620075205F /* GitHubBranch.h */; };
		F71F391E127B832300C96889 /* GitHubUser.h in Headers */ = {isa = PBXBuildFile; fileRef = F7962475126E02620075205F /* GitHubUser.h */; };
		F71F391F127B832300C96889 /* GitHubBlob.h in Headers */ = {isa = PBXBuildFile; fileRef = F7700C0C127AE867000D3D77 /* GitHubBlob.h */; };
		F71F3920127B832300C96889 /* GitHubTreeItem.h in Headers */ = {isa = PBXBuildFile; fileRef = F7700C0D127AE871000D3D77 /* GitHubTreeItem.h */; };
		F71F3921127B832300C96889 /* GitHubIssue.h in Headers */ = {isa = PBXBuildFile; fileRef = F71F38E3127B7CCD00C96889 /* GitHubIssue.h */; };
		F71F3922127B832300C96889 /* GitHubComment.h in Headers */ = {isa = PBXBuildFile; fileRef = F71F38E4127B7CD400C96889 /* GitHubComment.h */; };
		F71F3923127B832900C96889 /* GitHubIssueImp.h in Headers */ = {isa = PBXBuildFile; fileRef = F71F38E5127B7DCF00C96889 /* GitHubIssueImp.h */; };
		F71F3924127B832900C96889 /* GitHubIssueImp.m in Sources */ = {isa = PBXBuildFile; fileRef = F71F38E6127B7DCF00C96889 /* GitHubIssueImp.m */; };
		F71F3926127B832900C96889 /* GitHubCommentImp.m in Sources */ = {isa = PBXBuildFile; fileRef = F71F38E9127B7F1400C96889 /* GitHubCommentImp.m */; };
		F71F3927127B832900C96889 /* GitHubIssueServiceFactory.m in Sources */ = {isa = PBXBuildFile; fileRef = F71F38E0127B79EA00C96889 /* GitHubIssueServiceFactory.m */; };
		F71F3973127B84B400C96889 /* GitHubIssueFactory.h in Headers */ = {isa = PBXBuildFile; fileRef = F71F3970127B84AE00C96889 /* GitHubIssueFactory.h */; };
		F71F3974127B84B400C96889 /* GitHubIssueFactory.m in Sources */ = {isa = PBXBuildFile; fileRef = F71F3971127B84AE00C96889 /* GitHubIssueFactory.m */; };
		F71F3E93127CD24F00C96889 /* TestGitHubUserServer.m in Sources */ = {isa = PBXBuildFile; fileRef = F7962848126E37A60075205F /* TestGitHubUserServer.m */; };
		F71F3EA6127CD2B900C96889 /* GitHubCommentFactory.h in Headers */ = {isa = PBXBuildFile; fileRef = F71F397F127B84FD00C96889 /* GitHubCommentFactory.h */; };
		F71F3EA7127CD2B900C96889 /* GitHubLabelFactory.h in Headers */ = {isa = PBXBuildFile; fileRef = F71F397C127B84F200C96889 /* GitHubLabelFactory.h */; };
		F71F3EA8127CD2BA00C96889 /* GitHubLabelFactory.m in Sources */ = {isa = PBXBuildFile; fileRef = F71F397D127B84F200C96889 /* GitHubLabelFactory.m */; };
		F71F3F0C127D953F00C96889 /* GitHubCommentFactory.m in Sources */ = {isa = PBXBuildFile; fileRef = F71F3980127B84FD00C96889 /* GitHubCommentFactory.m */; };
		F72D5B4A1280ADFF00A21815 /* GitHubServiceSettings.h in Headers */ = {isa = PBXBuildFile; fileRef = F72D5B481280ADFF00A21815 /* GitHubServiceSettings.h */; };
		F72D5B4B1280ADFF00A21815 /* GitHubServiceSettings.m in Sources */ = {isa = PBXBuildFile; fileRef = F72D5B491280ADFF00A21815 /* GitHubServiceSettings.m */; };
		F7700DCF127B241A000D3D77 /* GitHubTreeItemImp.m in Sources */ = {isa = PBXBuildFile; fileRef = F7700C02127AE80C000D3D77 /* GitHubTreeItemImp.m */; };
		F7700DD0127B241C000D3D77 /* GitHubObjectServiceFactory.m in Sources */ = {isa = PBXBuildFile; fileRef = F7700C08127AE82D000D3D77 /* GitHubObjectServiceFactory.m */; };
		F7700DD1127B241C000D3D77 /* GitHubDataFactory.m in Sources */ = {isa = PBXBuildFile; fileRef = F7700C12127AEBB0000D3D77 /* GitHubDataFactory.m */; };
		F7700DD2127B241D000D3D77 /* GitHubBlobImp.m in Sources */ = {isa = PBXBuildFile; fileRef = F7700C05127AE819000D3D77 /* GitHubBlobImp.m */; };
		F7700DD3127B241F000D3D77 /* GitHubTreeItemFactory.m in Sources */ = {isa = PBXBuildFile; fileRef = F7700C18127AEBC7000D3D77 /* GitHubTreeItemFactory.m */; };
		F7700DD4127B2420000D3D77 /* GitHubBlobFactory.m in Sources */ = {isa = PBXBuildFile; fileRef = F7700C15127AEBBD000D3D77 /* GitHubBlobFactory.m */; };
		F7700DD5127B2427000D3D77 /* GitHubBlobImp.h in Headers */ = {isa = PBXBuildFile; fileRef = F7700C04127AE819000D3D77 /* GitHubBlobImp.h */; };
		F7700DD7127B242A000D3D77 /* GitHubDataFactory.h in Headers */ = {isa = PBXBuildFile; fileRef = F7700C11127AEBB0000D3D77 /* GitHubDataFactory.h */; };
		F7700DD9127B242B000D3D77 /* GitHubTreeItemImp.h in Headers */ = {isa = PBXBuildFile; fileRef = F7700C01127AE80C000D3D77 /* GitHubTreeItemImp.h */; };
		F7700DDC127B242F000D3D77 /* TestGitHubUserServer.h in Headers */ = {isa = PBXBuildFile; fileRef = F7962847126E37A60075205F /* TestGitHubUserServer.h */; };
		F7700DDE127B2432000D3D77 /* GitHubTreeItemFactory.h in Headers */ = {isa = PBXBuildFile; fileRef = F7700C17127AEBC7000D3D77 /* GitHubTreeItemFactory.h */; };
		F7700DE0127B2436000D3D77 /* GitHubBlobFactory.h in Headers */ = {isa = PBXBuildFile; fileRef = F7700C14127AEBBD000D3D77 /* GitHubBlobFactory.h */; };
		F7962477126E02620075205F /* GitHubCommitImp.h in Headers */ = {isa = PBXBuildFile; fileRef = F7962454126E02620075205F /* GitHubCommitImp.h */; };
		F7962478126E02620075205F /* GitHubCommitImp.m in Sources */ = {isa = PBXBuildFile; fileRef = F7962455126E02620075205F /* GitHubCommitImp.m */; };
		F7962479126E02620075205F /* GitHubCommitServiceFactory.m in Sources */ = {isa = PBXBuildFile; fileRef = F7962456126E02620075205F /* GitHubCommitServiceFactory.m */; };
		F796247A126E02620075205F /* GitHubBaseFactory.h in Headers */ = {isa = PBXBuildFile; fileRef = F7962458126E02620075205F /* GitHubBaseFactory.h */; };
		F796247B126E02620075205F /* GitHubBaseFactory.m in Sources */ = {isa = PBXBuildFile; fileRef = F7962459126E02620075205F /* GitHubBaseFactory.m */; };
		F796247C126E02620075205F /* GitHubBranchImp.h in Headers */ = {isa = PBXBuildFile; fileRef = F796245D126E02620075205F /* GitHubBranchImp.h */; };
		F796247D126E02620075205F /* GitHubBranchImp.m in Sources */ = {isa = PBXBuildFile; fileRef = F796245E126E02620075205F /* GitHubBranchImp.m */; };
		F796247E126E02620075205F /* GitHubContributorImp.h in Headers */ = {isa = PBXBuildFile; fileRef = F796245F126E02620075205F /* GitHubContributorImp.h */; };
		F796247F126E02620075205F /* GitHubContributorImp.m in Sources */ = {isa = PBXBuildFile; fileRef = F7962460126E02620075205F /* GitHubContributorImp.m */; };
		F7962480126E02620075205F /* GitHubRepositoryImp.h in Headers */ = {isa = PBXBuildFile; fileRef = F7962461126E02620075205F /* GitHubRepositoryImp.h */; };
		F7962481126E02620075205F /* GitHubRepositoryImp.m in Sources */ = {isa = PBXBuildFile; fileRef = F7962462126E02620075205F /* GitHubRepositoryImp.m */; };
		F7962482126E02620075205F /* GitHubRepositoryServiceFactory.m in Sources */ = {isa = PBXBuildFile; fileRef = F7962463126E02620075205F /* GitHubRepositoryServiceFactory.m */; };
		F7962483126E02620075205F /* GitHubTagImp.h in Headers */ = {isa = PBXBuildFile; fileRef = F7962464126E02620075205F /* GitHubTagImp.h */; };
		F7962484126E02620075205F /* GitHubTagImp.m in Sources */ = {isa = PBXBuildFile; fileRef = F7962465126E02620075205F /* GitHubTagImp.m */; };
		F7962485126E02620075205F /* GitHubUserImp.h in Headers */ = {isa = PBXBuildFile; fileRef = F7962467126E02620075205F /* GitHubUserImp.h */; };
		F7962486126E02620075205F /* GitHubUserImp.m in Sources */ = {isa = PBXBuildFile; fileRef = F7962468126E02620075205F /* GitHubUserImp.m */; };
		F7962487126E02620075205F /* GitHubUserServiceFactory.m in Sources */ = {isa = PBXBuildFile; fileRef = F7962469126E02620075205F /* GitHubUserServiceFactory.m */; };
		F7962488126E02620075205F /* GitHubUserFactory.h in Headers */ = {isa = PBXBuildFile; fileRef = F796246A126E02620075205F /* GitHubUserFactory.h */; };
		F7962489126E02620075205F /* GitHubUserFactory.m in Sources */ = {isa = PBXBuildFile; fileRef = F796246B126E02620075205F /* GitHubUserFactory.m */; };
		F7962523126E0E970075205F /* GitHubCommitFactory.h in Headers */ = {isa = PBXBuildFile; fileRef = F7962521126E0E970075205F /* GitHubCommitFactory.h */; };
		F7962524126E0E970075205F /* GitHubCommitFactory.m in Sources */ = {isa = PBXBuildFile; fileRef = F7962522126E0E970075205F /* GitHubCommitFactory.m */; };
		F79625B8126E14CF0075205F /* GitHubRepositoryFactory.h in Headers */ = {isa = PBXBuildFile; fileRef = F79625B6126E14CF0075205F /* GitHubRepositoryFactory.h */; };
		F79625B9126E14CF0075205F /* GitHubRepositoryFactory.m in Sources */ = {isa = PBXBuildFile; fileRef = F79625B7126E14CF0075205F /* GitHubRepositoryFactory.m */; };
		F7962621126E1C5A0075205F /* GitHubCollaboratorFactory.h in Headers */ = {isa = PBXBuildFile; fileRef = F796261F126E1C5A0075205F /* GitHubCollaboratorFactory.h */; };
		F7962622126E1C5A0075205F /* GitHubCollaboratorFactory.m in Sources */ = {isa = PBXBuildFile; fileRef = F7962620126E1C5A0075205F /* GitHubCollaboratorFactory.m */; };
		F7962625126E1C680075205F /* GitHubContributorFactory.h in Headers */ = {isa = PBXBuildFile; fileRef = F7962623126E1C680075205F /* GitHubContributorFactory.h */; };
		F7962626126E1C680075205F /* GitHubContributorFactory.m in Sources */ = {isa = PBXBuildFile; fileRef = F7962624126E1C680075205F /* GitHubContributorFactory.m */; };
		F7962629126E1C720075205F /* GitHubBranchFactory.h in Headers */ = {isa = PBXBuildFile; fileRef = F7962627126E1C720075205F /* GitHubBranchFactory.h */; };
		F796262A126E1C720075205F /* GitHubBranchFactory.m in Sources */ = {isa = PBXBuildFile; fileRef = F7962628126E1C720075205F /* GitHubBranchFactory.m */; };
		F796262D126E1C7D0075205F /* GitHubTagFactory.h in Headers */ = {isa = PBXBuildFile; fileRef = F796262B126E1C7D0075205F /* GitHubTagFactory.h */; };
		F796262E126E1C7D0075205F /* GitHubTagFactory.m in Sources */ = {isa = PBXBuildFile; fileRef = F796262C126E1C7D0075205F /* GitHubTagFactory.m */; };
		F7962631126E1CC10075205F /* GitHubWatcherFactory.h in Headers */ = {isa = PBXBuildFile; fileRef = F796262F126E1CC10075205F /* GitHubWatcherFactory.h */; };
		F7962632126E1CC10075205F /* GitHubWatcherFactory.m in Sources */ = {isa = PBXBuildFile; fileRef = F7962630126E1CC10075205F /* GitHubWatcherFactory.m */; };
		F796276D126E2D5B0075205F /* GitHubUserNameFactory.h in Headers */ = {isa = PBXBuildFile; fileRef = F796276B126E2D5B0075205F /* GitHubUserNameFactory.h */; };
		F796276E126E2D5B0075205F /* GitHubUserNameFactory.m in Sources */ = {isa = PBXBuildFile; fileRef = F796276C126E2D5B0075205F /* GitHubUserNameFactory.m */; };
		F7962775126E2D9E0075205F /* GitHubUserSearchFactory.h in Headers */ = {isa = PBXBuildFile; fileRef = F7962773126E2D9E0075205F /* GitHubUserSearchFactory.h */; };
		F7962776126E2D9E0075205F /* GitHubUserSearchFactory.m in Sources */ = {isa = PBXBuildFile; fileRef = F7962774126E2D9E0075205F /* GitHubUserSearchFactory.m */; };
		F7EA0BC212845E9A006302F9 /* TestGitHubRepoServer.m in Sources */ = {isa = PBXBuildFile; fileRef = F7EA0BC012845E9A006302F9 /* TestGitHubRepoServer.m */; };
/* End PBXBuildFile section */

/* Begin PBXContainerItemProxy section */
		F704E579126E7E5800587F90 /* PBXContainerItemProxy */ = {
			isa = PBXContainerItemProxy;
			containerPortal = 0867D690FE84028FC02AAC07 /* Project object */;
			proxyType = 1;
			remoteGlobalIDString = D2AAC07D0554694100DB518D;
			remoteInfo = GitHubLib;
		};
/* End PBXContainerItemProxy section */

/* Begin PBXFileReference section */
		AA747D9E0F9514B9006C5449 /* GitHubLib_Prefix.pch */ = {isa = PBXFileReference; fileEncoding = 4; lastKnownFileType = sourcecode.c.h; path = GitHubLib_Prefix.pch; sourceTree = SOURCE_ROOT; };
		AACBBE490F95108600F1A2B1 /* Foundation.framework */ = {isa = PBXFileReference; lastKnownFileType = wrapper.framework; name = Foundation.framework; path = System/Library/Frameworks/Foundation.framework; sourceTree = SDKROOT; };
		D2AAC07E0554694100DB518D /* libGitHubLib.a */ = {isa = PBXFileReference; explicitFileType = archive.ar; includeInIndex = 0; path = libGitHubLib.a; sourceTree = BUILT_PRODUCTS_DIR; };
		F704E3ED126E5E0E00587F90 /* UnitTest.octest */ = {isa = PBXFileReference; explicitFileType = wrapper.cfbundle; includeInIndex = 0; path = UnitTest.octest; sourceTree = BUILT_PRODUCTS_DIR; };
		F704E70B126E8C2800587F90 /* testSearchUser1 */ = {isa = PBXFileReference; fileEncoding = 4; lastKnownFileType = text.xml; path = testSearchUser1; sourceTree = "<group>"; };
		F704E70C126E8C2800587F90 /* testSearchUser2.intentionallyNotHere */ = {isa = PBXFileReference; fileEncoding = 4; lastKnownFileType = text; path = testSearchUser2.intentionallyNotHere; sourceTree = "<group>"; };
		F704E70D126E8C2800587F90 /* testSearchUser3 */ = {isa = PBXFileReference; fileEncoding = 4; lastKnownFileType = text.xml; path = testSearchUser3; sourceTree = "<group>"; };
		F704E70E126E8C2800587F90 /* testSearchUser4 */ = {isa = PBXFileReference; fileEncoding = 4; lastKnownFileType = text; path = testSearchUser4; sourceTree = "<group>"; };
		F704E986126EC15200587F90 /* testSearchUser5 */ = {isa = PBXFileReference; fileEncoding = 4; lastKnownFileType = text; path = testSearchUser5; sourceTree = "<group>"; };
		F704E9F8126EF30D00587F90 /* testSearchUser6 */ = {isa = PBXFileReference; fileEncoding = 4; lastKnownFileType = text; path = testSearchUser6; sourceTree = "<group>"; };
		F707BDB11285A8100050239D /* GitHubUserPoster.h */ = {isa = PBXFileReference; fileEncoding = 4; lastKnownFileType = sourcecode.c.h; path = GitHubUserPoster.h; sourceTree = "<group>"; };
		F707BDB21285A8100050239D /* GitHubUserPoster.m */ = {isa = PBXFileReference; fileEncoding = 4; lastKnownFileType = sourcecode.c.objc; path = GitHubUserPoster.m; sourceTree = "<group>"; };
		F707BDB51285A9380050239D /* GitHubRepositoryPoster.h */ = {isa = PBXFileReference; fileEncoding = 4; lastKnownFileType = sourcecode.c.h; path = GitHubRepositoryPoster.h; sourceTree = "<group>"; };
		F707BDB61285A9380050239D /* GitHubRepositoryPoster.m */ = {isa = PBXFileReference; fileEncoding = 4; lastKnownFileType = sourcecode.c.objc; path = GitHubRepositoryPoster.m; sourceTree = "<group>"; };
		F70B0461127597D500F671B9 /* GitHubRef.h */ = {isa = PBXFileReference; fileEncoding = 4; lastKnownFileType = sourcecode.c.h; path = GitHubRef.h; sourceTree = "<group>"; };
		F71F38E0127B79EA00C96889 /* GitHubIssueServiceFactory.m */ = {isa = PBXFileReference; fileEncoding = 4; lastKnownFileType = sourcecode.c.objc; path = GitHubIssueServiceFactory.m; sourceTree = "<group>"; };
		F71F38E2127B7A2200C96889 /* GitHubIssueServiceFactory.h */ = {isa = PBXFileReference; fileEncoding = 4; lastKnownFileType = sourcecode.c.h; path = GitHubIssueServiceFactory.h; sourceTree = "<group>"; };
		F71F38E3127B7CCD00C96889 /* GitHubIssue.h */ = {isa = PBXFileReference; fileEncoding = 4; lastKnownFileType = sourcecode.c.h; path = GitHubIssue.h; sourceTree = "<group>"; };
		F71F38E4127B7CD400C96889 /* GitHubComment.h */ = {isa = PBXFileReference; fileEncoding = 4; lastKnownFileType = sourcecode.c.h; path = GitHubComment.h; sourceTree = "<group>"; };
		F71F38E5127B7DCF00C96889 /* GitHubIssueImp.h */ = {isa = PBXFileReference; fileEncoding = 4; lastKnownFileType = sourcecode.c.h; path = GitHubIssueImp.h; sourceTree = "<group>"; };
		F71F38E6127B7DCF00C96889 /* GitHubIssueImp.m */ = {isa = PBXFileReference; fileEncoding = 4; lastKnownFileType = sourcecode.c.objc; path = GitHubIssueImp.m; sourceTree = "<group>"; };
		F71F38E8127B7F1400C96889 /* GitHubCommentImp.h */ = {isa = PBXFileReference; fileEncoding = 4; lastKnownFileType = sourcecode.c.h; path = GitHubCommentImp.h; sourceTree = "<group>"; };
		F71F38E9127B7F1400C96889 /* GitHubCommentImp.m */ = {isa = PBXFileReference; fileEncoding = 4; lastKnownFileType = sourcecode.c.objc; path = GitHubCommentImp.m; sourceTree = "<group>"; };
		F71F38F9127B82FC00C96889 /* GitHubServiceGotCommentDelegate.h */ = {isa = PBXFileReference; fileEncoding = 4; lastKnownFileType = sourcecode.c.h; path = GitHubServiceGotCommentDelegate.h; sourceTree = "<group>"; };
		F71F38FA127B830A00C96889 /* GitHubServiceGotIssueDelegate.h */ = {isa = PBXFileReference; fileEncoding = 4; lastKnownFileType = sourcecode.c.h; path = GitHubServiceGotIssueDelegate.h; sourceTree = "<group>"; };
		F71F3970127B84AE00C96889 /* GitHubIssueFactory.h */ = {isa = PBXFileReference; fileEncoding = 4; lastKnownFileType = sourcecode.c.h; path = GitHubIssueFactory.h; sourceTree = "<group>"; };
		F71F3971127B84AE00C96889 /* GitHubIssueFactory.m */ = {isa = PBXFileReference; fileEncoding = 4; lastKnownFileType = sourcecode.c.objc; path = GitHubIssueFactory.m; sourceTree = "<group>"; };
		F71F397C127B84F200C96889 /* GitHubLabelFactory.h */ = {isa = PBXFileReference; fileEncoding = 4; lastKnownFileType = sourcecode.c.h; path = GitHubLabelFactory.h; sourceTree = "<group>"; };
		F71F397D127B84F200C96889 /* GitHubLabelFactory.m */ = {isa = PBXFileReference; fileEncoding = 4; lastKnownFileType = sourcecode.c.objc; path = GitHubLabelFactory.m; sourceTree = "<group>"; };
		F71F397F127B84FD00C96889 /* GitHubCommentFactory.h */ = {isa = PBXFileReference; fileEncoding = 4; lastKnownFileType = sourcecode.c.h; path = GitHubCommentFactory.h; sourceTree = "<group>"; };
		F71F3980127B84FD00C96889 /* GitHubCommentFactory.m */ = {isa = PBXFileReference; fileEncoding = 4; lastKnownFileType = sourcecode.c.objc; path = GitHubCommentFactory.m; sourceTree = "<group>"; };
		F72D5B481280ADFF00A21815 /* GitHubServiceSettings.h */ = {isa = PBXFileReference; fileEncoding = 4; lastKnownFileType = sourcecode.c.h; path = GitHubServiceSettings.h; sourceTree = "<group>"; };
		F72D5B491280ADFF00A21815 /* GitHubServiceSettings.m */ = {isa = PBXFileReference; fileEncoding = 4; lastKnownFileType = sourcecode.c.objc; path = GitHubServiceSettings.m; sourceTree = "<group>"; };
		F7700C01127AE80C000D3D77 /* GitHubTreeItemImp.h */ = {isa = PBXFileReference; fileEncoding = 4; lastKnownFileType = sourcecode.c.h; path = GitHubTreeItemImp.h; sourceTree = "<group>"; };
		F7700C02127AE80C000D3D77 /* GitHubTreeItemImp.m */ = {isa = PBXFileReference; fileEncoding = 4; lastKnownFileType = sourcecode.c.objc; path = GitHubTreeItemImp.m; sourceTree = "<group>"; };
		F7700C04127AE819000D3D77 /* GitHubBlobImp.h */ = {isa = PBXFileReference; fileEncoding = 4; lastKnownFileType = sourcecode.c.h; path = GitHubBlobImp.h; sourceTree = "<group>"; };
		F7700C05127AE819000D3D77 /* GitHubBlobImp.m */ = {isa = PBXFileReference; fileEncoding = 4; lastKnownFileType = sourcecode.c.objc; path = GitHubBlobImp.m; sourceTree = "<group>"; };
		F7700C07127AE82D000D3D77 /* GitHubObjectServiceFactory.h */ = {isa = PBXFileReference; fileEncoding = 4; lastKnownFileType = sourcecode.c.h; path = GitHubObjectServiceFactory.h; sourceTree = "<group>"; };
		F7700C08127AE82D000D3D77 /* GitHubObjectServiceFactory.m */ = {isa = PBXFileReference; fileEncoding = 4; lastKnownFileType = sourcecode.c.objc; path = GitHubObjectServiceFactory.m; sourceTree = "<group>"; };
		F7700C0A127AE84C000D3D77 /* GitHubServiceGotBlobDelegate.h */ = {isa = PBXFileReference; fileEncoding = 4; lastKnownFileType = sourcecode.c.h; path = GitHubServiceGotBlobDelegate.h; sourceTree = "<group>"; };
		F7700C0B127AE858000D3D77 /* GitHubServiceGotTreeItemDelegate.h */ = {isa = PBXFileReference; fileEncoding = 4; lastKnownFileType = sourcecode.c.h; path = GitHubServiceGotTreeItemDelegate.h; sourceTree = "<group>"; };
		F7700C0C127AE867000D3D77 /* GitHubBlob.h */ = {isa = PBXFileReference; fileEncoding = 4; lastKnownFileType = sourcecode.c.h; path = GitHubBlob.h; sourceTree = "<group>"; };
		F7700C0D127AE871000D3D77 /* GitHubTreeItem.h */ = {isa = PBXFileReference; fileEncoding = 4; lastKnownFileType = sourcecode.c.h; path = GitHubTreeItem.h; sourceTree = "<group>"; };
		F7700C10127AEAD7000D3D77 /* GitHubServiceGotDataDelegate.h */ = {isa = PBXFileReference; fileEncoding = 4; lastKnownFileType = sourcecode.c.h; path = GitHubServiceGotDataDelegate.h; sourceTree = "<group>"; };
		F7700C11127AEBB0000D3D77 /* GitHubDataFactory.h */ = {isa = PBXFileReference; fileEncoding = 4; lastKnownFileType = sourcecode.c.h; path = GitHubDataFactory.h; sourceTree = "<group>"; };
		F7700C12127AEBB0000D3D77 /* GitHubDataFactory.m */ = {isa = PBXFileReference; fileEncoding = 4; lastKnownFileType = sourcecode.c.objc; path = GitHubDataFactory.m; sourceTree = "<group>"; };
		F7700C14127AEBBD000D3D77 /* GitHubBlobFactory.h */ = {isa = PBXFileReference; fileEncoding = 4; lastKnownFileType = sourcecode.c.h; path = GitHubBlobFactory.h; sourceTree = "<group>"; };
		F7700C15127AEBBD000D3D77 /* GitHubBlobFactory.m */ = {isa = PBXFileReference; fileEncoding = 4; lastKnownFileType = sourcecode.c.objc; path = GitHubBlobFactory.m; sourceTree = "<group>"; };
		F7700C17127AEBC7000D3D77 /* GitHubTreeItemFactory.h */ = {isa = PBXFileReference; fileEncoding = 4; lastKnownFileType = sourcecode.c.h; path = GitHubTreeItemFactory.h; sourceTree = "<group>"; };
		F7700C18127AEBC7000D3D77 /* GitHubTreeItemFactory.m */ = {isa = PBXFileReference; fileEncoding = 4; lastKnownFileType = sourcecode.c.objc; path = GitHubTreeItemFactory.m; sourceTree = "<group>"; };
		F7962454126E02620075205F /* GitHubCommitImp.h */ = {isa = PBXFileReference; fileEncoding = 4; lastKnownFileType = sourcecode.c.h; path = GitHubCommitImp.h; sourceTree = "<group>"; };
		F7962455126E02620075205F /* GitHubCommitImp.m */ = {isa = PBXFileReference; fileEncoding = 4; lastKnownFileType = sourcecode.c.objc; path = GitHubCommitImp.m; sourceTree = "<group>"; };
		F7962456126E02620075205F /* GitHubCommitServiceFactory.m */ = {isa = PBXFileReference; fileEncoding = 4; lastKnownFileType = sourcecode.c.objc; path = GitHubCommitServiceFactory.m; sourceTree = "<group>"; };
		F7962458126E02620075205F /* GitHubBaseFactory.h */ = {isa = PBXFileReference; fileEncoding = 4; lastKnownFileType = sourcecode.c.h; path = GitHubBaseFactory.h; sourceTree = "<group>"; };
		F7962459126E02620075205F /* GitHubBaseFactory.m */ = {isa = PBXFileReference; fileEncoding = 4; lastKnownFileType = sourcecode.c.objc; path = GitHubBaseFactory.m; sourceTree = "<group>"; };
		F796245D126E02620075205F /* GitHubBranchImp.h */ = {isa = PBXFileReference; fileEncoding = 4; lastKnownFileType = sourcecode.c.h; path = GitHubBranchImp.h; sourceTree = "<group>"; };
		F796245E126E02620075205F /* GitHubBranchImp.m */ = {isa = PBXFileReference; fileEncoding = 4; lastKnownFileType = sourcecode.c.objc; path = GitHubBranchImp.m; sourceTree = "<group>"; };
		F796245F126E02620075205F /* GitHubContributorImp.h */ = {isa = PBXFileReference; fileEncoding = 4; lastKnownFileType = sourcecode.c.h; path = GitHubContributorImp.h; sourceTree = "<group>"; };
		F7962460126E02620075205F /* GitHubContributorImp.m */ = {isa = PBXFileReference; fileEncoding = 4; lastKnownFileType = sourcecode.c.objc; path = GitHubContributorImp.m; sourceTree = "<group>"; };
		F7962461126E02620075205F /* GitHubRepositoryImp.h */ = {isa = PBXFileReference; fileEncoding = 4; lastKnownFileType = sourcecode.c.h; path = GitHubRepositoryImp.h; sourceTree = "<group>"; };
		F7962462126E02620075205F /* GitHubRepositoryImp.m */ = {isa = PBXFileReference; fileEncoding = 4; lastKnownFileType = sourcecode.c.objc; path = GitHubRepositoryImp.m; sourceTree = "<group>"; };
		F7962463126E02620075205F /* GitHubRepositoryServiceFactory.m */ = {isa = PBXFileReference; fileEncoding = 4; lastKnownFileType = sourcecode.c.objc; path = GitHubRepositoryServiceFactory.m; sourceTree = "<group>"; };
		F7962464126E02620075205F /* GitHubTagImp.h */ = {isa = PBXFileReference; fileEncoding = 4; lastKnownFileType = sourcecode.c.h; path = GitHubTagImp.h; sourceTree = "<group>"; };
		F7962465126E02620075205F /* GitHubTagImp.m */ = {isa = PBXFileReference; fileEncoding = 4; lastKnownFileType = sourcecode.c.objc; path = GitHubTagImp.m; sourceTree = "<group>"; };
		F7962467126E02620075205F /* GitHubUserImp.h */ = {isa = PBXFileReference; fileEncoding = 4; lastKnownFileType = sourcecode.c.h; path = GitHubUserImp.h; sourceTree = "<group>"; };
		F7962468126E02620075205F /* GitHubUserImp.m */ = {isa = PBXFileReference; fileEncoding = 4; lastKnownFileType = sourcecode.c.objc; path = GitHubUserImp.m; sourceTree = "<group>"; };
		F7962469126E02620075205F /* GitHubUserServiceFactory.m */ = {isa = PBXFileReference; fileEncoding = 4; lastKnownFileType = sourcecode.c.objc; path = GitHubUserServiceFactory.m; sourceTree = "<group>"; };
		F796246A126E02620075205F /* GitHubUserFactory.h */ = {isa = PBXFileReference; fileEncoding = 4; lastKnownFileType = sourcecode.c.h; path = GitHubUserFactory.h; sourceTree = "<group>"; };
		F796246B126E02620075205F /* GitHubUserFactory.m */ = {isa = PBXFileReference; fileEncoding = 4; lastKnownFileType = sourcecode.c.objc; path = GitHubUserFactory.m; sourceTree = "<group>"; };
		F796246D126E02620075205F /* GitHubBranch.h */ = {isa = PBXFileReference; fileEncoding = 4; lastKnownFileType = sourcecode.c.h; path = GitHubBranch.h; sourceTree = "<group>"; };
		F796246E126E02620075205F /* GitHubCommit.h */ = {isa = PBXFileReference; fileEncoding = 4; lastKnownFileType = sourcecode.c.h; path = GitHubCommit.h; sourceTree = "<group>"; };
		F796246F126E02620075205F /* GitHubCommitServiceFactory.h */ = {isa = PBXFileReference; fileEncoding = 4; lastKnownFileType = sourcecode.c.h; path = GitHubCommitServiceFactory.h; sourceTree = "<group>"; };
		F7962470126E02620075205F /* GitHubContributor.h */ = {isa = PBXFileReference; fileEncoding = 4; lastKnownFileType = sourcecode.c.h; path = GitHubContributor.h; sourceTree = "<group>"; };
		F7962471126E02620075205F /* GitHubRepository.h */ = {isa = PBXFileReference; fileEncoding = 4; lastKnownFileType = sourcecode.c.h; path = GitHubRepository.h; sourceTree = "<group>"; };
		F7962472126E02620075205F /* GitHubRepositoryServiceFactory.h */ = {isa = PBXFileReference; fileEncoding = 4; lastKnownFileType = sourcecode.c.h; path = GitHubRepositoryServiceFactory.h; sourceTree = "<group>"; };
		F7962473126E02620075205F /* GitHubService.h */ = {isa = PBXFileReference; fileEncoding = 4; lastKnownFileType = sourcecode.c.h; path = GitHubService.h; sourceTree = "<group>"; };
		F7962474126E02620075205F /* GitHubTag.h */ = {isa = PBXFileReference; fileEncoding = 4; lastKnownFileType = sourcecode.c.h; path = GitHubTag.h; sourceTree = "<group>"; };
		F7962475126E02620075205F /* GitHubUser.h */ = {isa = PBXFileReference; fileEncoding = 4; lastKnownFileType = sourcecode.c.h; path = GitHubUser.h; sourceTree = "<group>"; };
		F7962476126E02620075205F /* GitHubUserServiceFactory.h */ = {isa = PBXFileReference; fileEncoding = 4; lastKnownFileType = sourcecode.c.h; path = GitHubUserServiceFactory.h; sourceTree = "<group>"; };
		F79624A3126E03220075205F /* GitHubServiceDelegate.h */ = {isa = PBXFileReference; fileEncoding = 4; lastKnownFileType = sourcecode.c.h; path = GitHubServiceDelegate.h; sourceTree = "<group>"; };
		F79624E0126E08980075205F /* GitHubServiceGotUserDelegate.h */ = {isa = PBXFileReference; fileEncoding = 4; lastKnownFileType = sourcecode.c.h; path = GitHubServiceGotUserDelegate.h; sourceTree = "<group>"; };
		F7962521126E0E970075205F /* GitHubCommitFactory.h */ = {isa = PBXFileReference; fileEncoding = 4; lastKnownFileType = sourcecode.c.h; path = GitHubCommitFactory.h; sourceTree = "<group>"; };
		F7962522126E0E970075205F /* GitHubCommitFactory.m */ = {isa = PBXFileReference; fileEncoding = 4; lastKnownFileType = sourcecode.c.objc; path = GitHubCommitFactory.m; sourceTree = "<group>"; };
		F7962549126E11550075205F /* GitHubServiceGotCommitDelegate.h */ = {isa = PBXFileReference; fileEncoding = 4; lastKnownFileType = sourcecode.c.h; path = GitHubServiceGotCommitDelegate.h; sourceTree = "<group>"; };
		F79625B6126E14CF0075205F /* GitHubRepositoryFactory.h */ = {isa = PBXFileReference; fileEncoding = 4; lastKnownFileType = sourcecode.c.h; path = GitHubRepositoryFactory.h; sourceTree = "<group>"; };
		F79625B7126E14CF0075205F /* GitHubRepositoryFactory.m */ = {isa = PBXFileReference; fileEncoding = 4; lastKnownFileType = sourcecode.c.objc; path = GitHubRepositoryFactory.m; sourceTree = "<group>"; };
		F79625CC126E16DF0075205F /* GitHubServiceGotRepositoryDelegate.h */ = {isa = PBXFileReference; fileEncoding = 4; lastKnownFileType = sourcecode.c.h; path = GitHubServiceGotRepositoryDelegate.h; sourceTree = "<group>"; };
		F796261F126E1C5A0075205F /* GitHubCollaboratorFactory.h */ = {isa = PBXFileReference; fileEncoding = 4; lastKnownFileType = sourcecode.c.h; path = GitHubCollaboratorFactory.h; sourceTree = "<group>"; };
		F7962620126E1C5A0075205F /* GitHubCollaboratorFactory.m */ = {isa = PBXFileReference; fileEncoding = 4; lastKnownFileType = sourcecode.c.objc; path = GitHubCollaboratorFactory.m; sourceTree = "<group>"; };
		F7962623126E1C680075205F /* GitHubContributorFactory.h */ = {isa = PBXFileReference; fileEncoding = 4; lastKnownFileType = sourcecode.c.h; path = GitHubContributorFactory.h; sourceTree = "<group>"; };
		F7962624126E1C680075205F /* GitHubContributorFactory.m */ = {isa = PBXFileReference; fileEncoding = 4; lastKnownFileType = sourcecode.c.objc; path = GitHubContributorFactory.m; sourceTree = "<group>"; };
		F7962627126E1C720075205F /* GitHubBranchFactory.h */ = {isa = PBXFileReference; fileEncoding = 4; lastKnownFileType = sourcecode.c.h; path = GitHubBranchFactory.h; sourceTree = "<group>"; };
		F7962628126E1C720075205F /* GitHubBranchFactory.m */ = {isa = PBXFileReference; fileEncoding = 4; lastKnownFileType = sourcecode.c.objc; path = GitHubBranchFactory.m; sourceTree = "<group>"; };
		F796262B126E1C7D0075205F /* GitHubTagFactory.h */ = {isa = PBXFileReference; fileEncoding = 4; lastKnownFileType = sourcecode.c.h; path = GitHubTagFactory.h; sourceTree = "<group>"; };
		F796262C126E1C7D0075205F /* GitHubTagFactory.m */ = {isa = PBXFileReference; fileEncoding = 4; lastKnownFileType = sourcecode.c.objc; path = GitHubTagFactory.m; sourceTree = "<group>"; };
		F796262F126E1CC10075205F /* GitHubWatcherFactory.h */ = {isa = PBXFileReference; fileEncoding = 4; lastKnownFileType = sourcecode.c.h; path = GitHubWatcherFactory.h; sourceTree = "<group>"; };
		F7962630126E1CC10075205F /* GitHubWatcherFactory.m */ = {isa = PBXFileReference; fileEncoding = 4; lastKnownFileType = sourcecode.c.objc; path = GitHubWatcherFactory.m; sourceTree = "<group>"; };
		F79626C3126E243E0075205F /* GitHubServiceGotBranchDelegate.h */ = {isa = PBXFileReference; fileEncoding = 4; lastKnownFileType = sourcecode.c.h; path = GitHubServiceGotBranchDelegate.h; sourceTree = "<group>"; };
		F79626D5126E25350075205F /* GitHubServiceGotTagDelegate.h */ = {isa = PBXFileReference; fileEncoding = 4; lastKnownFileType = sourcecode.c.h; path = GitHubServiceGotTagDelegate.h; sourceTree = "<group>"; };
		F79626DA126E259C0075205F /* GitHubServiceGotNameDelegate.h */ = {isa = PBXFileReference; fileEncoding = 4; lastKnownFileType = sourcecode.c.h; path = GitHubServiceGotNameDelegate.h; sourceTree = "<group>"; };
		F79626DC126E25E70075205F /* GitHubServiceGotContributorDelegate.h */ = {isa = PBXFileReference; fileEncoding = 4; lastKnownFileType = sourcecode.c.h; path = GitHubServiceGotContributorDelegate.h; sourceTree = "<group>"; };
		F796276B126E2D5B0075205F /* GitHubUserNameFactory.h */ = {isa = PBXFileReference; fileEncoding = 4; lastKnownFileType = sourcecode.c.h; path = GitHubUserNameFactory.h; sourceTree = "<group>"; };
		F796276C126E2D5B0075205F /* GitHubUserNameFactory.m */ = {isa = PBXFileReference; fileEncoding = 4; lastKnownFileType = sourcecode.c.objc; path = GitHubUserNameFactory.m; sourceTree = "<group>"; };
		F7962773126E2D9E0075205F /* GitHubUserSearchFactory.h */ = {isa = PBXFileReference; fileEncoding = 4; lastKnownFileType = sourcecode.c.h; path = GitHubUserSearchFactory.h; sourceTree = "<group>"; };
		F7962774126E2D9E0075205F /* GitHubUserSearchFactory.m */ = {isa = PBXFileReference; fileEncoding = 4; lastKnownFileType = sourcecode.c.objc; path = GitHubUserSearchFactory.m; sourceTree = "<group>"; };
		F7962847126E37A60075205F /* TestGitHubUserServer.h */ = {isa = PBXFileReference; fileEncoding = 4; lastKnownFileType = sourcecode.c.h; path = TestGitHubUserServer.h; sourceTree = "<group>"; };
		F7962848126E37A60075205F /* TestGitHubUserServer.m */ = {isa = PBXFileReference; fileEncoding = 4; lastKnownFileType = sourcecode.c.objc; path = TestGitHubUserServer.m; sourceTree = "<group>"; };
		F7962A6C126E460C0075205F /* UnitTest-Info.plist */ = {isa = PBXFileReference; lastKnownFileType = text.plist.xml; path = "UnitTest-Info.plist"; sourceTree = "<group>"; };
		F7CD904712875F8E0005E885 /* testSearchRepo1 */ = {isa = PBXFileReference; fileEncoding = 4; lastKnownFileType = text.xml; path = testSearchRepo1; sourceTree = "<group>"; };
		F7CD904812875F8E0005E885 /* testSearchRepo2 */ = {isa = PBXFileReference; fileEncoding = 4; lastKnownFileType = text.xml; path = testSearchRepo2; sourceTree = "<group>"; };
		F7EA0BC012845E9A006302F9 /* TestGitHubRepoServer.m */ = {isa = PBXFileReference; fileEncoding = 4; lastKnownFileType = sourcecode.c.objc; path = TestGitHubRepoServer.m; sourceTree = "<group>"; };
		F7EA0BC112845E9A006302F9 /* TestGitHubRepoServer.h */ = {isa = PBXFileReference; fileEncoding = 4; lastKnownFileType = sourcecode.c.h; path = TestGitHubRepoServer.h; sourceTree = "<group>"; };
/* End PBXFileReference section */

/* Begin PBXFrameworksBuildPhase section */
		D2AAC07C0554694100DB518D /* Frameworks */ = {
			isa = PBXFrameworksBuildPhase;
			buildActionMask = 2147483647;
			files = (
				AACBBE4A0F95108600F1A2B1 /* Foundation.framework in Frameworks */,
			);
			runOnlyForDeploymentPostprocessing = 0;
		};
		F704E3EA126E5E0E00587F90 /* Frameworks */ = {
			isa = PBXFrameworksBuildPhase;
			buildActionMask = 2147483647;
			files = (
				F704E3F8126E5E3C00587F90 /* libGitHubLib.a in Frameworks */,
			);
			runOnlyForDeploymentPostprocessing = 0;
		};
/* End PBXFrameworksBuildPhase section */

/* Begin PBXGroup section */
		034768DFFF38A50411DB9C8B /* Products */ = {
			isa = PBXGroup;
			children = (
				D2AAC07E0554694100DB518D /* libGitHubLib.a */,
				F704E3ED126E5E0E00587F90 /* UnitTest.octest */,
			);
			name = Products;
			sourceTree = "<group>";
		};
		0867D691FE84028FC02AAC07 /* GitHubLib */ = {
			isa = PBXGroup;
			children = (
				F796246C126E02620075205F /* Interface */,
				F7962452126E02620075205F /* Implementation */,
				F7962845126E375E0075205F /* Test */,
				F704E705126E8C2800587F90 /* TestData */,
				32C88DFF0371C24200C91783 /* Other Sources */,
				0867D69AFE84028FC02AAC07 /* Frameworks */,
				034768DFFF38A50411DB9C8B /* Products */,
				F7962A6C126E460C0075205F /* UnitTest-Info.plist */,
			);
			name = GitHubLib;
			sourceTree = "<group>";
		};
		0867D69AFE84028FC02AAC07 /* Frameworks */ = {
			isa = PBXGroup;
			children = (
				AACBBE490F95108600F1A2B1 /* Foundation.framework */,
			);
			name = Frameworks;
			sourceTree = "<group>";
		};
		32C88DFF0371C24200C91783 /* Other Sources */ = {
			isa = PBXGroup;
			children = (
				AA747D9E0F9514B9006C5449 /* GitHubLib_Prefix.pch */,
			);
			name = "Other Sources";
			sourceTree = "<group>";
		};
		F704E705126E8C2800587F90 /* TestData */ = {
			isa = PBXGroup;
			children = (
				F704E706126E8C2800587F90 /* api */,
			);
			path = TestData;
			sourceTree = "<group>";
		};
		F704E706126E8C2800587F90 /* api */ = {
			isa = PBXGroup;
			children = (
				F704E707126E8C2800587F90 /* v2 */,
			);
			path = api;
			sourceTree = "<group>";
		};
		F704E707126E8C2800587F90 /* v2 */ = {
			isa = PBXGroup;
			children = (
				F704E708126E8C2800587F90 /* xml */,
			);
			path = v2;
			sourceTree = "<group>";
		};
		F704E708126E8C2800587F90 /* xml */ = {
			isa = PBXGroup;
			children = (
				F7CD904512875F8E0005E885 /* repos */,
				F704E709126E8C2800587F90 /* user */,
			);
			path = xml;
			sourceTree = "<group>";
		};
		F704E709126E8C2800587F90 /* user */ = {
			isa = PBXGroup;
			children = (
				F704E70A126E8C2800587F90 /* search */,
			);
			path = user;
			sourceTree = "<group>";
		};
		F704E70A126E8C2800587F90 /* search */ = {
			isa = PBXGroup;
			children = (
				F704E70B126E8C2800587F90 /* testSearchUser1 */,
				F704E70C126E8C2800587F90 /* testSearchUser2.intentionallyNotHere */,
				F704E70D126E8C2800587F90 /* testSearchUser3 */,
				F704E70E126E8C2800587F90 /* testSearchUser4 */,
				F704E986126EC15200587F90 /* testSearchUser5 */,
				F704E9F8126EF30D00587F90 /* testSearchUser6 */,
			);
			path = search;
			sourceTree = "<group>";
		};
		F7962452126E02620075205F /* Implementation */ = {
			isa = PBXGroup;
			children = (
				F7962457126E02620075205F /* Common */,
				F7962453126E02620075205F /* CommitService */,
				F796245A126E02620075205F /* IssueService */,
				F796245B126E02620075205F /* ObjectService */,
				F796245C126E02620075205F /* RepositoryService */,
				F7962466126E02620075205F /* UserService */,
			);
			path = Implementation;
			sourceTree = "<group>";
		};
		F7962453126E02620075205F /* CommitService */ = {
			isa = PBXGroup;
			children = (
				F7962454126E02620075205F /* GitHubCommitImp.h */,
				F7962455126E02620075205F /* GitHubCommitImp.m */,
				F7962521126E0E970075205F /* GitHubCommitFactory.h */,
				F7962522126E0E970075205F /* GitHubCommitFactory.m */,
				F7962456126E02620075205F /* GitHubCommitServiceFactory.m */,
			);
			path = CommitService;
			sourceTree = "<group>";
		};
		F7962457126E02620075205F /* Common */ = {
			isa = PBXGroup;
			children = (
				F7962458126E02620075205F /* GitHubBaseFactory.h */,
				F7962459126E02620075205F /* GitHubBaseFactory.m */,
				F72D5B491280ADFF00A21815 /* GitHubServiceSettings.m */,
			);
			path = Common;
			sourceTree = "<group>";
		};
		F796245A126E02620075205F /* IssueService */ = {
			isa = PBXGroup;
			children = (
				F71F38E5127B7DCF00C96889 /* GitHubIssueImp.h */,
				F71F38E6127B7DCF00C96889 /* GitHubIssueImp.m */,
				F71F38E8127B7F1400C96889 /* GitHubCommentImp.h */,
				F71F38E9127B7F1400C96889 /* GitHubCommentImp.m */,
				F71F3970127B84AE00C96889 /* GitHubIssueFactory.h */,
				F71F3971127B84AE00C96889 /* GitHubIssueFactory.m */,
				F71F397C127B84F200C96889 /* GitHubLabelFactory.h */,
				F71F397D127B84F200C96889 /* GitHubLabelFactory.m */,
				F71F397F127B84FD00C96889 /* GitHubCommentFactory.h */,
				F71F3980127B84FD00C96889 /* GitHubCommentFactory.m */,
				F71F38E0127B79EA00C96889 /* GitHubIssueServiceFactory.m */,
			);
			path = IssueService;
			sourceTree = "<group>";
		};
		F796245B126E02620075205F /* ObjectService */ = {
			isa = PBXGroup;
			children = (
				F7700C01127AE80C000D3D77 /* GitHubTreeItemImp.h */,
				F7700C02127AE80C000D3D77 /* GitHubTreeItemImp.m */,
				F7700C04127AE819000D3D77 /* GitHubBlobImp.h */,
				F7700C05127AE819000D3D77 /* GitHubBlobImp.m */,
				F7700C11127AEBB0000D3D77 /* GitHubDataFactory.h */,
				F7700C12127AEBB0000D3D77 /* GitHubDataFactory.m */,
				F7700C14127AEBBD000D3D77 /* GitHubBlobFactory.h */,
				F7700C15127AEBBD000D3D77 /* GitHubBlobFactory.m */,
				F7700C17127AEBC7000D3D77 /* GitHubTreeItemFactory.h */,
				F7700C18127AEBC7000D3D77 /* GitHubTreeItemFactory.m */,
				F7700C08127AE82D000D3D77 /* GitHubObjectServiceFactory.m */,
			);
			path = ObjectService;
			sourceTree = "<group>";
		};
		F796245C126E02620075205F /* RepositoryService */ = {
			isa = PBXGroup;
			children = (
				F796245D126E02620075205F /* GitHubBranchImp.h */,
				F796245E126E02620075205F /* GitHubBranchImp.m */,
				F796245F126E02620075205F /* GitHubContributorImp.h */,
				F7962460126E02620075205F /* GitHubContributorImp.m */,
				F7962461126E02620075205F /* GitHubRepositoryImp.h */,
				F7962462126E02620075205F /* GitHubRepositoryImp.m */,
				F7962464126E02620075205F /* GitHubTagImp.h */,
				F7962465126E02620075205F /* GitHubTagImp.m */,
				F79625B6126E14CF0075205F /* GitHubRepositoryFactory.h */,
				F79625B7126E14CF0075205F /* GitHubRepositoryFactory.m */,
				F796261F126E1C5A0075205F /* GitHubCollaboratorFactory.h */,
				F7962620126E1C5A0075205F /* GitHubCollaboratorFactory.m */,
				F796262F126E1CC10075205F /* GitHubWatcherFactory.h */,
				F7962630126E1CC10075205F /* GitHubWatcherFactory.m */,
				F7962623126E1C680075205F /* GitHubContributorFactory.h */,
				F7962624126E1C680075205F /* GitHubContributorFactory.m */,
				F7962627126E1C720075205F /* GitHubBranchFactory.h */,
				F7962628126E1C720075205F /* GitHubBranchFactory.m */,
				F796262B126E1C7D0075205F /* GitHubTagFactory.h */,
				F796262C126E1C7D0075205F /* GitHubTagFactory.m */,
				F707BDB51285A9380050239D /* GitHubRepositoryPoster.h */,
				F707BDB61285A9380050239D /* GitHubRepositoryPoster.m */,
				F7962463126E02620075205F /* GitHubRepositoryServiceFactory.m */,
			);
			path = RepositoryService;
			sourceTree = "<group>";
		};
		F7962466126E02620075205F /* UserService */ = {
			isa = PBXGroup;
			children = (
				F7962467126E02620075205F /* GitHubUserImp.h */,
				F7962468126E02620075205F /* GitHubUserImp.m */,
				F796246A126E02620075205F /* GitHubUserFactory.h */,
				F796246B126E02620075205F /* GitHubUserFactory.m */,
				F796276B126E2D5B0075205F /* GitHubUserNameFactory.h */,
				F796276C126E2D5B0075205F /* GitHubUserNameFactory.m */,
				F7962773126E2D9E0075205F /* GitHubUserSearchFactory.h */,
				F7962774126E2D9E0075205F /* GitHubUserSearchFactory.m */,
				F707BDB11285A8100050239D /* GitHubUserPoster.h */,
				F707BDB21285A8100050239D /* GitHubUserPoster.m */,
				F7962469126E02620075205F /* GitHubUserServiceFactory.m */,
			);
			path = UserService;
			sourceTree = "<group>";
		};
		F796246C126E02620075205F /* Interface */ = {
			isa = PBXGroup;
			children = (
				F72D5B481280ADFF00A21815 /* GitHubServiceSettings.h */,
				F7962476126E02620075205F /* GitHubUserServiceFactory.h */,
				F796246F126E02620075205F /* GitHubCommitServiceFactory.h */,
				F7962472126E02620075205F /* GitHubRepositoryServiceFactory.h */,
				F7700C07127AE82D000D3D77 /* GitHubObjectServiceFactory.h */,
				F71F38E2127B7A2200C96889 /* GitHubIssueServiceFactory.h */,
				F7962473126E02620075205F /* GitHubService.h */,
				F79624A3126E03220075205F /* GitHubServiceDelegate.h */,
				F7962549126E11550075205F /* GitHubServiceGotCommitDelegate.h */,
				F79625CC126E16DF0075205F /* GitHubServiceGotRepositoryDelegate.h */,
				F79626D5126E25350075205F /* GitHubServiceGotTagDelegate.h */,
				F79626C3126E243E0075205F /* GitHubServiceGotBranchDelegate.h */,
				F79626DA126E259C0075205F /* GitHubServiceGotNameDelegate.h */,
				F79626DC126E25E70075205F /* GitHubServiceGotContributorDelegate.h */,
				F79624E0126E08980075205F /* GitHubServiceGotUserDelegate.h */,
				F7700C0A127AE84C000D3D77 /* GitHubServiceGotBlobDelegate.h */,
				F7700C0B127AE858000D3D77 /* GitHubServiceGotTreeItemDelegate.h */,
				F7700C10127AEAD7000D3D77 /* GitHubServiceGotDataDelegate.h */,
				F71F38FA127B830A00C96889 /* GitHubServiceGotIssueDelegate.h */,
				F71F38F9127B82FC00C96889 /* GitHubServiceGotCommentDelegate.h */,
				F796246E126E02620075205F /* GitHubCommit.h */,
				F7962470126E02620075205F /* GitHubContributor.h */,
				F7962471126E02620075205F /* GitHubRepository.h */,
				F70B0461127597D500F671B9 /* GitHubRef.h */,
				F7962474126E02620075205F /* GitHubTag.h */,
				F796246D126E02620075205F /* GitHubBranch.h */,
				F7962475126E02620075205F /* GitHubUser.h */,
				F7700C0C127AE867000D3D77 /* GitHubBlob.h */,
				F7700C0D127AE871000D3D77 /* GitHubTreeItem.h */,
				F71F38E3127B7CCD00C96889 /* GitHubIssue.h */,
				F71F38E4127B7CD400C96889 /* GitHubComment.h */,
			);
			path = Interface;
			sourceTree = "<group>";
		};
		F7962845126E375E0075205F /* Test */ = {
			isa = PBXGroup;
			children = (
				F7EA0BC112845E9A006302F9 /* TestGitHubRepoServer.h */,
				F7EA0BC012845E9A006302F9 /* TestGitHubRepoServer.m */,
				F7962847126E37A60075205F /* TestGitHubUserServer.h */,
				F7962848126E37A60075205F /* TestGitHubUserServer.m */,
			);
			path = Test;
			sourceTree = "<group>";
		};
		F7CD904512875F8E0005E885 /* repos */ = {
			isa = PBXGroup;
			children = (
				F7CD904612875F8E0005E885 /* search */,
			);
			path = repos;
			sourceTree = "<group>";
		};
		F7CD904612875F8E0005E885 /* search */ = {
			isa = PBXGroup;
			children = (
				F7CD904712875F8E0005E885 /* testSearchRepo1 */,
				F7CD904812875F8E0005E885 /* testSearchRepo2 */,
			);
			path = search;
			sourceTree = "<group>";
		};
/* End PBXGroup section */

/* Begin PBXHeadersBuildPhase section */
		D2AAC07A0554694100DB518D /* Headers */ = {
			isa = PBXHeadersBuildPhase;
			buildActionMask = 2147483647;
			files = (
				AA747D9F0F9514B9006C5449 /* GitHubLib_Prefix.pch in Headers */,
				F7962477126E02620075205F /* GitHubCommitImp.h in Headers */,
				F796247A126E02620075205F /* GitHubBaseFactory.h in Headers */,
				F796247C126E02620075205F /* GitHubBranchImp.h in Headers */,
				F796247E126E02620075205F /* GitHubContributorImp.h in Headers */,
				F7962480126E02620075205F /* GitHubRepositoryImp.h in Headers */,
				F7962483126E02620075205F /* GitHubTagImp.h in Headers */,
				F7962485126E02620075205F /* GitHubUserImp.h in Headers */,
				F7962488126E02620075205F /* GitHubUserFactory.h in Headers */,
				F7962523126E0E970075205F /* GitHubCommitFactory.h in Headers */,
				F79625B8126E14CF0075205F /* GitHubRepositoryFactory.h in Headers */,
				F7962621126E1C5A0075205F /* GitHubCollaboratorFactory.h in Headers */,
				F7962625126E1C680075205F /* GitHubContributorFactory.h in Headers */,
				F7962629126E1C720075205F /* GitHubBranchFactory.h in Headers */,
				F796262D126E1C7D0075205F /* GitHubTagFactory.h in Headers */,
				F7962631126E1CC10075205F /* GitHubWatcherFactory.h in Headers */,
				F796276D126E2D5B0075205F /* GitHubUserNameFactory.h in Headers */,
				F7962775126E2D9E0075205F /* GitHubUserSearchFactory.h in Headers */,
				F7700DD5127B2427000D3D77 /* GitHubBlobImp.h in Headers */,
				F7700DD7127B242A000D3D77 /* GitHubDataFactory.h in Headers */,
				F7700DD9127B242B000D3D77 /* GitHubTreeItemImp.h in Headers */,
				F7700DDC127B242F000D3D77 /* TestGitHubUserServer.h in Headers */,
				F7700DDE127B2432000D3D77 /* GitHubTreeItemFactory.h in Headers */,
				F7700DE0127B2436000D3D77 /* GitHubBlobFactory.h in Headers */,
				F71F3905127B832300C96889 /* GitHubUserServiceFactory.h in Headers */,
				F71F3906127B832300C96889 /* GitHubCommitServiceFactory.h in Headers */,
				F71F3907127B832300C96889 /* GitHubRepositoryServiceFactory.h in Headers */,
				F71F3908127B832300C96889 /* GitHubObjectServiceFactory.h in Headers */,
				F71F3909127B832300C96889 /* GitHubIssueServiceFactory.h in Headers */,
				F71F390A127B832300C96889 /* GitHubService.h in Headers */,
				F71F390B127B832300C96889 /* GitHubServiceDelegate.h in Headers */,
				F71F390C127B832300C96889 /* GitHubServiceGotCommitDelegate.h in Headers */,
				F71F390D127B832300C96889 /* GitHubServiceGotRepositoryDelegate.h in Headers */,
				F71F390E127B832300C96889 /* GitHubServiceGotTagDelegate.h in Headers */,
				F71F390F127B832300C96889 /* GitHubServiceGotBranchDelegate.h in Headers */,
				F71F3910127B832300C96889 /* GitHubServiceGotNameDelegate.h in Headers */,
				F71F3911127B832300C96889 /* GitHubServiceGotContributorDelegate.h in Headers */,
				F71F3912127B832300C96889 /* GitHubServiceGotUserDelegate.h in Headers */,
				F71F3913127B832300C96889 /* GitHubServiceGotBlobDelegate.h in Headers */,
				F71F3914127B832300C96889 /* GitHubServiceGotTreeItemDelegate.h in Headers */,
				F71F3915127B832300C96889 /* GitHubServiceGotDataDelegate.h in Headers */,
				F71F3916127B832300C96889 /* GitHubServiceGotIssueDelegate.h in Headers */,
				F71F3917127B832300C96889 /* GitHubServiceGotCommentDelegate.h in Headers */,
				F71F3918127B832300C96889 /* GitHubCommit.h in Headers */,
				F71F3919127B832300C96889 /* GitHubContributor.h in Headers */,
				F71F391A127B832300C96889 /* GitHubRepository.h in Headers */,
				F71F391B127B832300C96889 /* GitHubRef.h in Headers */,
				F71F391C127B832300C96889 /* GitHubTag.h in Headers */,
				F71F391D127B832300C96889 /* GitHubBranch.h in Headers */,
				F71F391E127B832300C96889 /* GitHubUser.h in Headers */,
				F71F391F127B832300C96889 /* GitHubBlob.h in Headers */,
				F71F3920127B832300C96889 /* GitHubTreeItem.h in Headers */,
				F71F3921127B832300C96889 /* GitHubIssue.h in Headers */,
				F71F3922127B832300C96889 /* GitHubComment.h in Headers */,
				F71F3923127B832900C96889 /* GitHubIssueImp.h in Headers */,
				F71F3973127B84B400C96889 /* GitHubIssueFactory.h in Headers */,
				F71F3EA6127CD2B900C96889 /* GitHubCommentFactory.h in Headers */,
				F71F3EA7127CD2B900C96889 /* GitHubLabelFactory.h in Headers */,
				F72D5B4A1280ADFF00A21815 /* GitHubServiceSettings.h in Headers */,
				F707BDB31285A8100050239D /* GitHubUserPoster.h in Headers */,
				F707BDB71285A9380050239D /* GitHubRepositoryPoster.h in Headers */,
			);
			runOnlyForDeploymentPostprocessing = 0;
		};
/* End PBXHeadersBuildPhase section */

/* Begin PBXNativeTarget section */
		D2AAC07D0554694100DB518D /* GitHubiOSStatic */ = {
			isa = PBXNativeTarget;
			buildConfigurationList = 1DEB921E08733DC00010E9CD /* Build configuration list for PBXNativeTarget "GitHubiOSStatic" */;
			buildPhases = (
				D2AAC07A0554694100DB518D /* Headers */,
				D2AAC07B0554694100DB518D /* Sources */,
				D2AAC07C0554694100DB518D /* Frameworks */,
			);
			buildRules = (
			);
			dependencies = (
			);
			name = GitHubiOSStatic;
			productName = GitHubLib;
			productReference = D2AAC07E0554694100DB518D /* libGitHubLib.a */;
			productType = "com.apple.product-type.library.static";
		};
		F704E3EC126E5E0E00587F90 /* UnitTest */ = {
			isa = PBXNativeTarget;
			buildConfigurationList = F704E3FD126E5E5A00587F90 /* Build configuration list for PBXNativeTarget "UnitTest" */;
			buildPhases = (
				F704E3E8126E5E0E00587F90 /* Resources */,
				F704E3E9126E5E0E00587F90 /* Sources */,
				F704E3EA126E5E0E00587F90 /* Frameworks */,
				F704E3EB126E5E0E00587F90 /* ShellScript */,
			);
			buildRules = (
			);
			dependencies = (
				F704E57A126E7E5800587F90 /* PBXTargetDependency */,
			);
			name = UnitTest;
			productName = UnitTest;
			productReference = F704E3ED126E5E0E00587F90 /* UnitTest.octest */;
			productType = "com.apple.product-type.bundle";
		};
/* End PBXNativeTarget section */

/* Begin PBXProject section */
		0867D690FE84028FC02AAC07 /* Project object */ = {
			isa = PBXProject;
			attributes = {
				BuildIndependentTargetsInParallel = YES;
			};
			buildConfigurationList = 1DEB922208733DC00010E9CD /* Build configuration list for PBXProject "GitHubLib" */;
			compatibilityVersion = "Xcode 3.2";
			developmentRegion = English;
			hasScannedForEncodings = 1;
			knownRegions = (
				English,
				Japanese,
				French,
				German,
			);
			mainGroup = 0867D691FE84028FC02AAC07 /* GitHubLib */;
			productRefGroup = 034768DFFF38A50411DB9C8B /* Products */;
			projectDirPath = "";
			projectRoot = "";
			targets = (
				D2AAC07D0554694100DB518D /* GitHubiOSStatic */,
				F704E3EC126E5E0E00587F90 /* UnitTest */,
			);
		};
/* End PBXProject section */

/* Begin PBXResourcesBuildPhase section */
		F704E3E8126E5E0E00587F90 /* Resources */ = {
			isa = PBXResourcesBuildPhase;
			buildActionMask = 2147483647;
			files = (
			);
			runOnlyForDeploymentPostprocessing = 0;
		};
/* End PBXResourcesBuildPhase section */

/* Begin PBXShellScriptBuildPhase section */
		F704E3EB126E5E0E00587F90 /* ShellScript */ = {
			isa = PBXShellScriptBuildPhase;
			buildActionMask = 2147483647;
			files = (
			);
			inputPaths = (
			);
			outputPaths = (
			);
			runOnlyForDeploymentPostprocessing = 0;
			shellPath = /bin/sh;
			shellScript = "# Run the unit tests in this test bundle.\n\"${SYSTEM_DEVELOPER_DIR}/Tools/RunUnitTests\"\n";
		};
/* End PBXShellScriptBuildPhase section */

/* Begin PBXSourcesBuildPhase section */
		D2AAC07B0554694100DB518D /* Sources */ = {
			isa = PBXSourcesBuildPhase;
			buildActionMask = 2147483647;
			files = (
				F7962478126E02620075205F /* GitHubCommitImp.m in Sources */,
				F7962479126E02620075205F /* GitHubCommitServiceFactory.m in Sources */,
				F796247B126E02620075205F /* GitHubBaseFactory.m in Sources */,
				F796247D126E02620075205F /* GitHubBranchImp.m in Sources */,
				F796247F126E02620075205F /* GitHubContributorImp.m in Sources */,
				F7962481126E02620075205F /* GitHubRepositoryImp.m in Sources */,
				F7962482126E02620075205F /* GitHubRepositoryServiceFactory.m in Sources */,
				F7962484126E02620075205F /* GitHubTagImp.m in Sources */,
				F7962486126E02620075205F /* GitHubUserImp.m in Sources */,
				F7962487126E02620075205F /* GitHubUserServiceFactory.m in Sources */,
				F7962489126E02620075205F /* GitHubUserFactory.m in Sources */,
				F7962524126E0E970075205F /* GitHubCommitFactory.m in Sources */,
				F79625B9126E14CF0075205F /* GitHubRepositoryFactory.m in Sources */,
				F7962622126E1C5A0075205F /* GitHubCollaboratorFactory.m in Sources */,
				F7962626126E1C680075205F /* GitHubContributorFactory.m in Sources */,
				F796262A126E1C720075205F /* GitHubBranchFactory.m in Sources */,
				F796262E126E1C7D0075205F /* GitHubTagFactory.m in Sources */,
				F7962632126E1CC10075205F /* GitHubWatcherFactory.m in Sources */,
				F796276E126E2D5B0075205F /* GitHubUserNameFactory.m in Sources */,
				F7962776126E2D9E0075205F /* GitHubUserSearchFactory.m in Sources */,
				F7700DCF127B241A000D3D77 /* GitHubTreeItemImp.m in Sources */,
				F7700DD0127B241C000D3D77 /* GitHubObjectServiceFactory.m in Sources */,
				F7700DD1127B241C000D3D77 /* GitHubDataFactory.m in Sources */,
				F7700DD2127B241D000D3D77 /* GitHubBlobImp.m in Sources */,
				F7700DD3127B241F000D3D77 /* GitHubTreeItemFactory.m in Sources */,
				F7700DD4127B2420000D3D77 /* GitHubBlobFactory.m in Sources */,
				F71F3924127B832900C96889 /* GitHubIssueImp.m in Sources */,
				F71F3926127B832900C96889 /* GitHubCommentImp.m in Sources */,
				F71F3927127B832900C96889 /* GitHubIssueServiceFactory.m in Sources */,
				F71F3974127B84B400C96889 /* GitHubIssueFactory.m in Sources */,
				F71F3EA8127CD2BA00C96889 /* GitHubLabelFactory.m in Sources */,
				F71F3F0C127D953F00C96889 /* GitHubCommentFactory.m in Sources */,
				F72D5B4B1280ADFF00A21815 /* GitHubServiceSettings.m in Sources */,
				F707BDB41285A8100050239D /* GitHubUserPoster.m in Sources */,
				F707BDB81285A9380050239D /* GitHubRepositoryPoster.m in Sources */,
			);
			runOnlyForDeploymentPostprocessing = 0;
		};
		F704E3E9126E5E0E00587F90 /* Sources */ = {
			isa = PBXSourcesBuildPhase;
			buildActionMask = 2147483647;
			files = (
				F71F3E93127CD24F00C96889 /* TestGitHubUserServer.m in Sources */,
				F7EA0BC212845E9A006302F9 /* TestGitHubRepoServer.m in Sources */,
			);
			runOnlyForDeploymentPostprocessing = 0;
		};
/* End PBXSourcesBuildPhase section */

/* Begin PBXTargetDependency section */
		F704E57A126E7E5800587F90 /* PBXTargetDependency */ = {
			isa = PBXTargetDependency;
			target = D2AAC07D0554694100DB518D /* GitHubiOSStatic */;
			targetProxy = F704E579126E7E5800587F90 /* PBXContainerItemProxy */;
		};
/* End PBXTargetDependency section */

/* Begin XCBuildConfiguration section */
		1DEB921F08733DC00010E9CD /* Debug */ = {
			isa = XCBuildConfiguration;
			buildSettings = {
				ALWAYS_SEARCH_USER_PATHS = NO;
				ARCHS = "$(ARCHS_STANDARD_32_BIT)";
				COPY_PHASE_STRIP = NO;
				DSTROOT = /tmp/GitHubLib.dst;
				GCC_DYNAMIC_NO_PIC = NO;
				GCC_ENABLE_FIX_AND_CONTINUE = YES;
				GCC_MODEL_TUNING = G5;
				GCC_OPTIMIZATION_LEVEL = 0;
				GCC_PRECOMPILE_PREFIX_HEADER = YES;
				GCC_PREFIX_HEADER = GitHubLib_Prefix.pch;
				INSTALL_PATH = /usr/local/lib;
				PRODUCT_NAME = GitHubLib;
				RUN_CLANG_STATIC_ANALYZER = YES;
			};
			name = Debug;
		};
		1DEB922008733DC00010E9CD /* Release */ = {
			isa = XCBuildConfiguration;
			buildSettings = {
				ALWAYS_SEARCH_USER_PATHS = NO;
				ARCHS = "$(ARCHS_STANDARD_32_BIT)";
				DSTROOT = /tmp/GitHubLib.dst;
				GCC_MODEL_TUNING = G5;
				GCC_PRECOMPILE_PREFIX_HEADER = YES;
				GCC_PREFIX_HEADER = GitHubLib_Prefix.pch;
				INSTALL_PATH = /usr/local/lib;
				PRODUCT_NAME = GitHubLib;
				SDKROOT = iphoneos;
			};
			name = Release;
		};
		1DEB922308733DC00010E9CD /* Debug */ = {
			isa = XCBuildConfiguration;
			buildSettings = {
				ARCHS = "$(ARCHS_STANDARD_32_64_BIT)";
				GCC_C_LANGUAGE_STANDARD = c99;
				GCC_OPTIMIZATION_LEVEL = 0;
				GCC_WARN_ABOUT_RETURN_TYPE = YES;
				GCC_WARN_UNUSED_VARIABLE = YES;
				OTHER_LDFLAGS = "-ObjC";
				PREBINDING = NO;
				SDKROOT = iphoneos;
			};
			name = Debug;
		};
		1DEB922408733DC00010E9CD /* Release */ = {
			isa = XCBuildConfiguration;
			buildSettings = {
				ARCHS = "$(ARCHS_STANDARD_32_64_BIT)";
				GCC_C_LANGUAGE_STANDARD = c99;
				GCC_WARN_ABOUT_RETURN_TYPE = YES;
				GCC_WARN_UNUSED_VARIABLE = YES;
				OTHER_LDFLAGS = "-ObjC";
				PREBINDING = NO;
				SDKROOT = iphoneos;
			};
			name = Release;
		};
		F704E3EE126E5E0E00587F90 /* Debug */ = {
			isa = XCBuildConfiguration;
			buildSettings = {
				ALWAYS_SEARCH_USER_PATHS = NO;
				"CODE_SIGN_IDENTITY[sdk=iphoneos*]" = "";
				COPY_PHASE_STRIP = NO;
				FRAMEWORK_SEARCH_PATHS = (
					"\"$(SDKROOT)/Developer/Library/Frameworks\"",
					"\"$(DEVELOPER_LIBRARY_DIR)/Frameworks\"",
				);
				GCC_DYNAMIC_NO_PIC = NO;
				GCC_ENABLE_FIX_AND_CONTINUE = NO;
				GCC_ENABLE_OBJC_EXCEPTIONS = YES;
				GCC_OPTIMIZATION_LEVEL = 0;
				INFOPLIST_FILE = "UnitTest-Info.plist";
				OTHER_CFLAGS = "-D'SRCROOT=@\"${SRCROOT}\"'";
				OTHER_LDFLAGS = (
					"-framework",
					Foundation,
					"-framework",
					SenTestingKit,
					"-framework",
					UIKit,
				);
				PREBINDING = NO;
				PRODUCT_NAME = UnitTest;
				SDKROOT = iphoneos;
				WRAPPER_EXTENSION = octest;
			};
			name = Debug;
		};
		F704E3EF126E5E0E00587F90 /* Release */ = {
			isa = XCBuildConfiguration;
			buildSettings = {
				ALWAYS_SEARCH_USER_PATHS = NO;
				"CODE_SIGN_IDENTITY[sdk=iphoneos*]" = "";
				COPY_PHASE_STRIP = YES;
				DEBUG_INFORMATION_FORMAT = "dwarf-with-dsym";
				FRAMEWORK_SEARCH_PATHS = (
					"\"$(SDKROOT)/Developer/Library/Frameworks\"",
					"\"$(DEVELOPER_LIBRARY_DIR)/Frameworks\"",
				);
				GCC_ENABLE_FIX_AND_CONTINUE = NO;
				GCC_ENABLE_OBJC_EXCEPTIONS = YES;
				INFOPLIST_FILE = "UnitTest-Info.plist";
				OTHER_CFLAGS = "-D'SRCROOT=@\"${SRCROOT}\"'";
				OTHER_LDFLAGS = (
					"-framework",
					Foundation,
					"-framework",
					SenTestingKit,
					"-framework",
					UIKit,
				);
				PREBINDING = NO;
				PRODUCT_NAME = UnitTest;
				SDKROOT = iphoneos;
				WRAPPER_EXTENSION = octest;
				ZERO_LINK = NO;
			};
			name = Release;
		};
/* End XCBuildConfiguration section */

/* Begin XCConfigurationList section */
		1DEB921E08733DC00010E9CD /* Build configuration list for PBXNativeTarget "GitHubiOSStatic" */ = {
			isa = XCConfigurationList;
			buildConfigurations = (
				1DEB921F08733DC00010E9CD /* Debug */,
				1DEB922008733DC00010E9CD /* Release */,
			);
			defaultConfigurationIsVisible = 0;
			defaultConfigurationName = Release;
		};
		1DEB922208733DC00010E9CD /* Build configuration list for PBXProject "GitHubLib" */ = {
			isa = XCConfigurationList;
			buildConfigurations = (
				1DEB922308733DC00010E9CD /* Debug */,
				1DEB922408733DC00010E9CD /* Release */,
			);
			defaultConfigurationIsVisible = 0;
			defaultConfigurationName = Release;
		};
		F704E3FD126E5E5A00587F90 /* Build configuration list for PBXNativeTarget "UnitTest" */ = {
			isa = XCConfigurationList;
			buildConfigurations = (
				F704E3EE126E5E0E00587F90 /* Debug */,
				F704E3EF126E5E0E00587F90 /* Release */,
			);
			defaultConfigurationIsVisible = 0;
			defaultConfigurationName = Release;
		};
/* End XCConfigurationList section */
	};
	rootObject = 0867D690FE84028FC02AAC07 /* Project object */;
}
